
Microsoft Visual Studio Solution File, Format Version 12.00
# Visual Studio Version 16
VisualStudioVersion = 16.0.29123.88
MinimumVisualStudioVersion = 10.0.40219.1
Project("{FAE04EC0-301F-11D3-BF4B-00C04F79EFBC}") = "Sandbox1", "Sandbox1.csproj", "{E9BF2EEB-AF5A-4F0E-88B0-C84220082B3B}"
EndProject
Global
	GlobalSection(SolutionConfigurationPlatforms) = preSolution
		Debug|Any CPU = Debug|Any CPU
		Release|Any CPU = Release|Any CPU
	EndGlobalSection
	GlobalSection(ProjectConfigurationPlatforms) = postSolution
		{E9BF2EEB-AF5A-4F0E-88B0-C84220082B3B}.Debug|Any CPU.ActiveCfg = Debug|Any CPU
		{E9BF2EEB-AF5A-4F0E-88B0-C84220082B3B}.Debug|Any CPU.Build.0 = Debug|Any CPU
		{E9BF2EEB-AF5A-4F0E-88B0-C84220082B3B}.Release|Any CPU.ActiveCfg = Release|Any CPU
		{E9BF2EEB-AF5A-4F0E-88B0-C84220082B3B}.Release|Any CPU.Build.0 = Release|Any CPU
	EndGlobalSection
	GlobalSection(SolutionProperties) = preSolution
		HideSolutionNode = FALSE
	EndGlobalSection
	GlobalSection(ExtensibilityGlobals) = postSolution
		SolutionGuid = {BBAD2700-63A2-400E-B825-D51661C34C4B}
	EndGlobalSection
EndGlobal
